{
  "name": "rtspclient",
  "version": "0.5.0",
  "lockfileVersion": 2,
  "requires": true,
  "packages": {
    "": {
      "version": "0.5.0",
      "license": "MIT",
      "dependencies": {
        "dgram": "^1.0.1",
        "sdp-transform": "^1.4.0"
      }
    },
    "node_modules/dgram": {
      "version": "1.0.1",
      "resolved": "https://registry.npmjs.org/dgram/-/dgram-1.0.1.tgz",
      "integrity": "sha1-N/OyAPgDOl/3WTAwicgc42G2UcM=",
      "deprecated": "npm is holding this package for security reasons. As it's a core Node module, we will not transfer it over to other users. You may safely remove the package from your dependencies."
    },
    "node_modules/sdp-transform": {
      "version": "1.7.0",
      "resolved": "https://registry.npmjs.org/sdp-transform/-/sdp-transform-1.7.0.tgz",
      "integrity": "sha1-W68crvox9KVT0ZLTLQOid8t/QIM=",
      "bin": {
        "sdp-verify": "checker.js"
      }
    }
  },
  "dependencies": {
    "dgram": {
      "version": "1.0.1",
      "resolved": "https://registry.npmjs.org/dgram/-/dgram-1.0.1.tgz",
      "integrity": "sha1-N/OyAPgDOl/3WTAwicgc42G2UcM="
    },
    "sdp-transform": {
      "version": "1.7.0",
      "resolved": "https://registry.npmjs.org/sdp-transform/-/sdp-transform-1.7.0.tgz",
      "integrity": "sha1-W68crvox9KVT0ZLTLQOid8t/QIM="
    }
  }
}
